
Microsoft Visual Studio Solution File, Format Version 12.00
# Visual Studio Version 17
VisualStudioVersion = 17.9.34622.214
MinimumVisualStudioVersion = 10.0.40219.1
Project("{9A19103F-16F7-4668-BE54-9A1E7A4F7556}") = "MediaBazaar", "MediaBazaar\MediaBazaar.csproj", "{36F838A0-BED6-4E6F-9C4A-4A8854AC644F}"
EndProject
Project("{FAE04EC0-301F-11D3-BF4B-00C04F79EFBC}") = "DataAccess", "DataAccess\DataAccess.csproj", "{C01320CE-D393-4A0E-9095-D34DDF493172}"
EndProject
Project("{FAE04EC0-301F-11D3-BF4B-00C04F79EFBC}") = "BusinessLogic", "BusinessLogic\BusinessLogic.csproj", "{25FA905C-772B-472E-8396-1BB57B4892CA}"
EndProject
Global
	GlobalSection(SolutionConfigurationPlatforms) = preSolution
		Debug|Any CPU = Debug|Any CPU
		Release|Any CPU = Release|Any CPU
	EndGlobalSection
	GlobalSection(ProjectConfigurationPlatforms) = postSolution
		{36F838A0-BED6-4E6F-9C4A-4A8854AC644F}.Debug|Any CPU.ActiveCfg = Debug|Any CPU
		{36F838A0-BED6-4E6F-9C4A-4A8854AC644F}.Debug|Any CPU.Build.0 = Debug|Any CPU
		{36F838A0-BED6-4E6F-9C4A-4A8854AC644F}.Release|Any CPU.ActiveCfg = Release|Any CPU
		{36F838A0-BED6-4E6F-9C4A-4A8854AC644F}.Release|Any CPU.Build.0 = Release|Any CPU
		{C01320CE-D393-4A0E-9095-D34DDF493172}.Debug|Any CPU.ActiveCfg = Debug|Any CPU
		{C01320CE-D393-4A0E-9095-D34DDF493172}.Debug|Any CPU.Build.0 = Debug|Any CPU
		{C01320CE-D393-4A0E-9095-D34DDF493172}.Release|Any CPU.ActiveCfg = Release|Any CPU
		{C01320CE-D393-4A0E-9095-D34DDF493172}.Release|Any CPU.Build.0 = Release|Any CPU
		{25FA905C-772B-472E-8396-1BB57B4892CA}.Debug|Any CPU.ActiveCfg = Debug|Any CPU
		{25FA905C-772B-472E-8396-1BB57B4892CA}.Debug|Any CPU.Build.0 = Debug|Any CPU
		{25FA905C-772B-472E-8396-1BB57B4892CA}.Release|Any CPU.ActiveCfg = Release|Any CPU
		{25FA905C-772B-472E-8396-1BB57B4892CA}.Release|Any CPU.Build.0 = Release|Any CPU
	EndGlobalSection
	GlobalSection(SolutionProperties) = preSolution
		HideSolutionNode = FALSE
	EndGlobalSection
	GlobalSection(ExtensibilityGlobals) = postSolution
		SolutionGuid = {FFB25613-3ABF-4CC6-B6BD-937C54DC8F05}
	EndGlobalSection
EndGlobal
